
Microsoft Visual Studio Solution File, Format Version 12.00
# Visual Studio 14
VisualStudioVersion = 14.0.23107.0
MinimumVisualStudioVersion = 10.0.40219.1
Project("{FAE04EC0-301F-11D3-BF4B-00C04F79EFBC}") = "CompetitiveTender", "CompetitiveTender\CompetitiveTender.csproj", "{9D2C4CFD-C71D-45E9-8030-8AE6AEFA930C}"
EndProject
Project("{FAE04EC0-301F-11D3-BF4B-00C04F79EFBC}") = "Summer.CompetitiveTender.View", "Summer.CompetitiveTender.View\Summer.CompetitiveTender.View.csproj", "{203E132C-C728-4812-BC5D-E42CE2D60E39}"
EndProject
Project("{FAE04EC0-301F-11D3-BF4B-00C04F79EFBC}") = "Summer.CompetitiveTender.Service", "Summer.CompetitiveTender.Service\Summer.CompetitiveTender.Service.csproj", "{9164404E-5DB4-4E4A-816F-A216FE8013E2}"
EndProject
Project("{FAE04EC0-301F-11D3-BF4B-00C04F79EFBC}") = "Summer.CompetitiveTender.Model", "Summer.CompetitiveTender.Model\Summer.CompetitiveTender.Model.csproj", "{9602C4BB-DF53-467B-AC25-80551F418C34}"
EndProject
Project("{FAE04EC0-301F-11D3-BF4B-00C04F79EFBC}") = "Summer.Common.Images", "Summer.Common.Images\Summer.Common.Images.csproj", "{E2501D1D-1A1F-470E-82F2-1E8B209F667F}"
EndProject
Project("{FAE04EC0-301F-11D3-BF4B-00C04F79EFBC}") = "Summer.Common.Controls", "Summer.Common.Control\Summer.Common.Controls.csproj", "{67CA7EE9-500C-481C-85CE-CF558B1A8596}"
EndProject
Project("{FAE04EC0-301F-11D3-BF4B-00C04F79EFBC}") = "Summer.Common.Utility", "Summer.Common.Utility\Summer.Common.Utility.csproj", "{1D5298AA-4201-45E0-9A77-65D185A7DE99}"
EndProject
Global
	GlobalSection(SolutionConfigurationPlatforms) = preSolution
		Debug|Any CPU = Debug|Any CPU
		Release|Any CPU = Release|Any CPU
	EndGlobalSection
	GlobalSection(ProjectConfigurationPlatforms) = postSolution
		{9D2C4CFD-C71D-45E9-8030-8AE6AEFA930C}.Debug|Any CPU.ActiveCfg = Debug|Any CPU
		{9D2C4CFD-C71D-45E9-8030-8AE6AEFA930C}.Debug|Any CPU.Build.0 = Debug|Any CPU
		{9D2C4CFD-C71D-45E9-8030-8AE6AEFA930C}.Release|Any CPU.ActiveCfg = Release|Any CPU
		{9D2C4CFD-C71D-45E9-8030-8AE6AEFA930C}.Release|Any CPU.Build.0 = Release|Any CPU
		{203E132C-C728-4812-BC5D-E42CE2D60E39}.Debug|Any CPU.ActiveCfg = Debug|Any CPU
		{203E132C-C728-4812-BC5D-E42CE2D60E39}.Debug|Any CPU.Build.0 = Debug|Any CPU
		{203E132C-C728-4812-BC5D-E42CE2D60E39}.Release|Any CPU.ActiveCfg = Release|Any CPU
		{203E132C-C728-4812-BC5D-E42CE2D60E39}.Release|Any CPU.Build.0 = Release|Any CPU
		{9164404E-5DB4-4E4A-816F-A216FE8013E2}.Debug|Any CPU.ActiveCfg = Debug|Any CPU
		{9164404E-5DB4-4E4A-816F-A216FE8013E2}.Debug|Any CPU.Build.0 = Debug|Any CPU
		{9164404E-5DB4-4E4A-816F-A216FE8013E2}.Release|Any CPU.ActiveCfg = Release|Any CPU
		{9164404E-5DB4-4E4A-816F-A216FE8013E2}.Release|Any CPU.Build.0 = Release|Any CPU
		{9602C4BB-DF53-467B-AC25-80551F418C34}.Debug|Any CPU.ActiveCfg = Debug|Any CPU
		{9602C4BB-DF53-467B-AC25-80551F418C34}.Debug|Any CPU.Build.0 = Debug|Any CPU
		{9602C4BB-DF53-467B-AC25-80551F418C34}.Release|Any CPU.ActiveCfg = Release|Any CPU
		{9602C4BB-DF53-467B-AC25-80551F418C34}.Release|Any CPU.Build.0 = Release|Any CPU
		{E2501D1D-1A1F-470E-82F2-1E8B209F667F}.Debug|Any CPU.ActiveCfg = Debug|Any CPU
		{E2501D1D-1A1F-470E-82F2-1E8B209F667F}.Debug|Any CPU.Build.0 = Debug|Any CPU
		{E2501D1D-1A1F-470E-82F2-1E8B209F667F}.Release|Any CPU.ActiveCfg = Release|Any CPU
		{E2501D1D-1A1F-470E-82F2-1E8B209F667F}.Release|Any CPU.Build.0 = Release|Any CPU
		{67CA7EE9-500C-481C-85CE-CF558B1A8596}.Debug|Any CPU.ActiveCfg = Debug|Any CPU
		{67CA7EE9-500C-481C-85CE-CF558B1A8596}.Debug|Any CPU.Build.0 = Debug|Any CPU
		{67CA7EE9-500C-481C-85CE-CF558B1A8596}.Release|Any CPU.ActiveCfg = Release|Any CPU
		{67CA7EE9-500C-481C-85CE-CF558B1A8596}.Release|Any CPU.Build.0 = Release|Any CPU
		{1D5298AA-4201-45E0-9A77-65D185A7DE99}.Debug|Any CPU.ActiveCfg = Debug|Any CPU
		{1D5298AA-4201-45E0-9A77-65D185A7DE99}.Debug|Any CPU.Build.0 = Debug|Any CPU
		{1D5298AA-4201-45E0-9A77-65D185A7DE99}.Release|Any CPU.ActiveCfg = Release|Any CPU
		{1D5298AA-4201-45E0-9A77-65D185A7DE99}.Release|Any CPU.Build.0 = Release|Any CPU
	EndGlobalSection
	GlobalSection(SolutionProperties) = preSolution
		HideSolutionNode = FALSE
	EndGlobalSection
EndGlobal
